
Microsoft Visual Studio Solution File, Format Version 12.00
# Visual Studio Version 17
VisualStudioVersion = 17.14.36327.8 d17.14
MinimumVisualStudioVersion = 10.0.40219.1
Project("{FAE04EC0-301F-11D3-BF4B-00C04F79EFBC}") = "quan_ly_chuoi_cua_hang_tap_hoa_api", "quan_ly_chuoi_cua_hang_tap_hoa_api.csproj", "{1DDCC388-FA61-4B83-9C93-32015BFD0E89}"
EndProject
Global
	GlobalSection(SolutionConfigurationPlatforms) = preSolution
		Debug|Any CPU = Debug|Any CPU
		Release|Any CPU = Release|Any CPU
	EndGlobalSection
	GlobalSection(ProjectConfigurationPlatforms) = postSolution
		{1DDCC388-FA61-4B83-9C93-32015BFD0E89}.Debug|Any CPU.ActiveCfg = Debug|Any CPU
		{1DDCC388-FA61-4B83-9C93-32015BFD0E89}.Debug|Any CPU.Build.0 = Debug|Any CPU
		{1DDCC388-FA61-4B83-9C93-32015BFD0E89}.Release|Any CPU.ActiveCfg = Release|Any CPU
		{1DDCC388-FA61-4B83-9C93-32015BFD0E89}.Release|Any CPU.Build.0 = Release|Any CPU
	EndGlobalSection
	GlobalSection(SolutionProperties) = preSolution
		HideSolutionNode = FALSE
	EndGlobalSection
	GlobalSection(ExtensibilityGlobals) = postSolution
		SolutionGuid = {8D9D8B33-20EB-4FCE-AFDB-5AD79BE34AA9}
	EndGlobalSection
EndGlobal
